
Microsoft Visual Studio Solution File, Format Version 12.00
# Visual Studio Version 17
VisualStudioVersion = 17.6.33829.357
MinimumVisualStudioVersion = 10.0.40219.1
Project("{FAE04EC0-301F-11D3-BF4B-00C04F79EFBC}") = "Personal Meeting Scheduling Platform", "Personal Meeting Scheduling Platform.csproj", "{628CC935-88BF-49A9-9377-DC4E3796B447}"
EndProject
Global
	GlobalSection(SolutionConfigurationPlatforms) = preSolution
		Debug|Any CPU = Debug|Any CPU
		Release|Any CPU = Release|Any CPU
	EndGlobalSection
	GlobalSection(ProjectConfigurationPlatforms) = postSolution
		{628CC935-88BF-49A9-9377-DC4E3796B447}.Debug|Any CPU.ActiveCfg = Debug|Any CPU
		{628CC935-88BF-49A9-9377-DC4E3796B447}.Debug|Any CPU.Build.0 = Debug|Any CPU
		{628CC935-88BF-49A9-9377-DC4E3796B447}.Release|Any CPU.ActiveCfg = Release|Any CPU
		{628CC935-88BF-49A9-9377-DC4E3796B447}.Release|Any CPU.Build.0 = Release|Any CPU
	EndGlobalSection
	GlobalSection(SolutionProperties) = preSolution
		HideSolutionNode = FALSE
	EndGlobalSection
	GlobalSection(ExtensibilityGlobals) = postSolution
		SolutionGuid = {80BA9C4E-3203-47C7-9C35-5FF34FFB661E}
	EndGlobalSection
EndGlobal
